
Microsoft Visual Studio Solution File, Format Version 12.00
# Visual Studio Version 16
VisualStudioVersion = 16.0.31410.357
MinimumVisualStudioVersion = 10.0.40219.1
Project("{FAE04EC0-301F-11D3-BF4B-00C04F79EFBC}") = "Visma’s book library", "Visma’s book library\Visma’s book library.csproj", "{EB757275-4971-4F8D-AEF3-A5405CD98526}"
EndProject
Global
	GlobalSection(SolutionConfigurationPlatforms) = preSolution
		Debug|Any CPU = Debug|Any CPU
		Release|Any CPU = Release|Any CPU
	EndGlobalSection
	GlobalSection(ProjectConfigurationPlatforms) = postSolution
		{EB757275-4971-4F8D-AEF3-A5405CD98526}.Debug|Any CPU.ActiveCfg = Debug|Any CPU
		{EB757275-4971-4F8D-AEF3-A5405CD98526}.Debug|Any CPU.Build.0 = Debug|Any CPU
		{EB757275-4971-4F8D-AEF3-A5405CD98526}.Release|Any CPU.ActiveCfg = Release|Any CPU
		{EB757275-4971-4F8D-AEF3-A5405CD98526}.Release|Any CPU.Build.0 = Release|Any CPU
	EndGlobalSection
	GlobalSection(SolutionProperties) = preSolution
		HideSolutionNode = FALSE
	EndGlobalSection
	GlobalSection(ExtensibilityGlobals) = postSolution
		SolutionGuid = {C4A2B0E9-651D-43AD-8F87-FA52BD4A9D5D}
	EndGlobalSection
EndGlobal
